
Microsoft Visual Studio Solution File, Format Version 12.00
# Visual Studio Version 17
VisualStudioVersion = 17.7.34202.233
MinimumVisualStudioVersion = 10.0.40219.1
Project("{8BC9CEB8-8B4A-11D0-8D11-00A0C91BC942}") = "Lab_10.1_C++", "Lab_10.1_C++.vcxproj", "{DE1CBC36-65AC-43C0-A948-8EACB5B5C673}"
EndProject
Project("{8BC9CEB8-8B4A-11D0-8D11-00A0C91BC942}") = "UnitTest_10_1C++", "UnitTest_10_1C++\UnitTest_10_1C++.vcxproj", "{BC61B261-883B-4F17-9EF2-9A22409F07C3}"
EndProject
Global
	GlobalSection(SolutionConfigurationPlatforms) = preSolution
		Debug|x64 = Debug|x64
		Debug|x86 = Debug|x86
		Release|x64 = Release|x64
		Release|x86 = Release|x86
	EndGlobalSection
	GlobalSection(ProjectConfigurationPlatforms) = postSolution
		{DE1CBC36-65AC-43C0-A948-8EACB5B5C673}.Debug|x64.ActiveCfg = Debug|x64
		{DE1CBC36-65AC-43C0-A948-8EACB5B5C673}.Debug|x64.Build.0 = Debug|x64
		{DE1CBC36-65AC-43C0-A948-8EACB5B5C673}.Debug|x86.ActiveCfg = Debug|Win32
		{DE1CBC36-65AC-43C0-A948-8EACB5B5C673}.Debug|x86.Build.0 = Debug|Win32
		{DE1CBC36-65AC-43C0-A948-8EACB5B5C673}.Release|x64.ActiveCfg = Release|x64
		{DE1CBC36-65AC-43C0-A948-8EACB5B5C673}.Release|x64.Build.0 = Release|x64
		{DE1CBC36-65AC-43C0-A948-8EACB5B5C673}.Release|x86.ActiveCfg = Release|Win32
		{DE1CBC36-65AC-43C0-A948-8EACB5B5C673}.Release|x86.Build.0 = Release|Win32
		{BC61B261-883B-4F17-9EF2-9A22409F07C3}.Debug|x64.ActiveCfg = Debug|x64
		{BC61B261-883B-4F17-9EF2-9A22409F07C3}.Debug|x64.Build.0 = Debug|x64
		{BC61B261-883B-4F17-9EF2-9A22409F07C3}.Debug|x86.ActiveCfg = Debug|Win32
		{BC61B261-883B-4F17-9EF2-9A22409F07C3}.Debug|x86.Build.0 = Debug|Win32
		{BC61B261-883B-4F17-9EF2-9A22409F07C3}.Release|x64.ActiveCfg = Release|x64
		{BC61B261-883B-4F17-9EF2-9A22409F07C3}.Release|x64.Build.0 = Release|x64
		{BC61B261-883B-4F17-9EF2-9A22409F07C3}.Release|x86.ActiveCfg = Release|Win32
		{BC61B261-883B-4F17-9EF2-9A22409F07C3}.Release|x86.Build.0 = Release|Win32
	EndGlobalSection
	GlobalSection(SolutionProperties) = preSolution
		HideSolutionNode = FALSE
	EndGlobalSection
	GlobalSection(ExtensibilityGlobals) = postSolution
		SolutionGuid = {A4767AD3-CCCD-4DEC-861D-47168E3F910D}
	EndGlobalSection
EndGlobal
